
Microsoft Visual Studio Solution File, Format Version 12.00
# Visual Studio Version 17
VisualStudioVersion = 17.10.35013.160
MinimumVisualStudioVersion = 10.0.40219.1
Project("{FAE04EC0-301F-11D3-BF4B-00C04F79EFBC}") = "软件工程项目", "软件工程项目.csproj", "{F370BD61-B833-488F-88B3-B4B2AB2FB92C}"
EndProject
Project("{FAE04EC0-301F-11D3-BF4B-00C04F79EFBC}") = "非查询操作", "..\..\数据库\非查询操作\非查询操作\非查询操作.csproj", "{CD83EAEC-942F-4927-9D3F-9BE9650962F2}"
EndProject
Global
	GlobalSection(SolutionConfigurationPlatforms) = preSolution
		Debug|Any CPU = Debug|Any CPU
		Release|Any CPU = Release|Any CPU
	EndGlobalSection
	GlobalSection(ProjectConfigurationPlatforms) = postSolution
		{F370BD61-B833-488F-88B3-B4B2AB2FB92C}.Debug|Any CPU.ActiveCfg = Debug|Any CPU
		{F370BD61-B833-488F-88B3-B4B2AB2FB92C}.Debug|Any CPU.Build.0 = Debug|Any CPU
		{F370BD61-B833-488F-88B3-B4B2AB2FB92C}.Release|Any CPU.ActiveCfg = Release|Any CPU
		{F370BD61-B833-488F-88B3-B4B2AB2FB92C}.Release|Any CPU.Build.0 = Release|Any CPU
		{CD83EAEC-942F-4927-9D3F-9BE9650962F2}.Debug|Any CPU.ActiveCfg = Debug|Any CPU
		{CD83EAEC-942F-4927-9D3F-9BE9650962F2}.Debug|Any CPU.Build.0 = Debug|Any CPU
		{CD83EAEC-942F-4927-9D3F-9BE9650962F2}.Release|Any CPU.ActiveCfg = Release|Any CPU
		{CD83EAEC-942F-4927-9D3F-9BE9650962F2}.Release|Any CPU.Build.0 = Release|Any CPU
	EndGlobalSection
	GlobalSection(SolutionProperties) = preSolution
		HideSolutionNode = FALSE
	EndGlobalSection
	GlobalSection(ExtensibilityGlobals) = postSolution
		SolutionGuid = {1FC9B7FF-E362-4999-BC5C-368DF5D23383}
	EndGlobalSection
EndGlobal
